
Microsoft Visual Studio Solution File, Format Version 12.00
# Visual Studio 15
VisualStudioVersion = 15.0.26124.0
MinimumVisualStudioVersion = 15.0.26124.0
Project("{2150E333-8FDC-42A3-9474-1A3956D46DE8}") = "src", "src", "{E551CF50-43F9-482B-AE4C-977AC3D711A1}"
EndProject
Project("{FAE04EC0-301F-11D3-BF4B-00C04F79EFBC}") = "SimpleAPI", "src\SimpleAPI\SimpleAPI.csproj", "{DFB4E279-2D50-4B30-BD1E-72DEACA6799E}"
EndProject
Project("{2150E333-8FDC-42A3-9474-1A3956D46DE8}") = "test", "test", "{FFD3344D-E48E-4C1B-8929-BD64F37125EB}"
EndProject
Project("{FAE04EC0-301F-11D3-BF4B-00C04F79EFBC}") = "SimpleAPI.Test", "test\SimpleAPI.Test\SimpleAPI.Test.csproj", "{6702F7E8-9003-4EB3-AB14-EA9E600FCD39}"
EndProject
Global
	GlobalSection(SolutionConfigurationPlatforms) = preSolution
		Debug|Any CPU = Debug|Any CPU
		Debug|x64 = Debug|x64
		Debug|x86 = Debug|x86
		Release|Any CPU = Release|Any CPU
		Release|x64 = Release|x64
		Release|x86 = Release|x86
	EndGlobalSection
	GlobalSection(SolutionProperties) = preSolution
		HideSolutionNode = FALSE
	EndGlobalSection
	GlobalSection(ProjectConfigurationPlatforms) = postSolution
		{DFB4E279-2D50-4B30-BD1E-72DEACA6799E}.Debug|Any CPU.ActiveCfg = Debug|Any CPU
		{DFB4E279-2D50-4B30-BD1E-72DEACA6799E}.Debug|Any CPU.Build.0 = Debug|Any CPU
		{DFB4E279-2D50-4B30-BD1E-72DEACA6799E}.Debug|x64.ActiveCfg = Debug|Any CPU
		{DFB4E279-2D50-4B30-BD1E-72DEACA6799E}.Debug|x64.Build.0 = Debug|Any CPU
		{DFB4E279-2D50-4B30-BD1E-72DEACA6799E}.Debug|x86.ActiveCfg = Debug|Any CPU
		{DFB4E279-2D50-4B30-BD1E-72DEACA6799E}.Debug|x86.Build.0 = Debug|Any CPU
		{DFB4E279-2D50-4B30-BD1E-72DEACA6799E}.Release|Any CPU.ActiveCfg = Release|Any CPU
		{DFB4E279-2D50-4B30-BD1E-72DEACA6799E}.Release|Any CPU.Build.0 = Release|Any CPU
		{DFB4E279-2D50-4B30-BD1E-72DEACA6799E}.Release|x64.ActiveCfg = Release|Any CPU
		{DFB4E279-2D50-4B30-BD1E-72DEACA6799E}.Release|x64.Build.0 = Release|Any CPU
		{DFB4E279-2D50-4B30-BD1E-72DEACA6799E}.Release|x86.ActiveCfg = Release|Any CPU
		{DFB4E279-2D50-4B30-BD1E-72DEACA6799E}.Release|x86.Build.0 = Release|Any CPU
		{6702F7E8-9003-4EB3-AB14-EA9E600FCD39}.Debug|Any CPU.ActiveCfg = Debug|Any CPU
		{6702F7E8-9003-4EB3-AB14-EA9E600FCD39}.Debug|Any CPU.Build.0 = Debug|Any CPU
		{6702F7E8-9003-4EB3-AB14-EA9E600FCD39}.Debug|x64.ActiveCfg = Debug|Any CPU
		{6702F7E8-9003-4EB3-AB14-EA9E600FCD39}.Debug|x64.Build.0 = Debug|Any CPU
		{6702F7E8-9003-4EB3-AB14-EA9E600FCD39}.Debug|x86.ActiveCfg = Debug|Any CPU
		{6702F7E8-9003-4EB3-AB14-EA9E600FCD39}.Debug|x86.Build.0 = Debug|Any CPU
		{6702F7E8-9003-4EB3-AB14-EA9E600FCD39}.Release|Any CPU.ActiveCfg = Release|Any CPU
		{6702F7E8-9003-4EB3-AB14-EA9E600FCD39}.Release|Any CPU.Build.0 = Release|Any CPU
		{6702F7E8-9003-4EB3-AB14-EA9E600FCD39}.Release|x64.ActiveCfg = Release|Any CPU
		{6702F7E8-9003-4EB3-AB14-EA9E600FCD39}.Release|x64.Build.0 = Release|Any CPU
		{6702F7E8-9003-4EB3-AB14-EA9E600FCD39}.Release|x86.ActiveCfg = Release|Any CPU
		{6702F7E8-9003-4EB3-AB14-EA9E600FCD39}.Release|x86.Build.0 = Release|Any CPU
	EndGlobalSection
	GlobalSection(NestedProjects) = preSolution
		{DFB4E279-2D50-4B30-BD1E-72DEACA6799E} = {E551CF50-43F9-482B-AE4C-977AC3D711A1}
		{6702F7E8-9003-4EB3-AB14-EA9E600FCD39} = {FFD3344D-E48E-4C1B-8929-BD64F37125EB}
	EndGlobalSection
EndGlobal
